// !$*UTF8*$!
{
	archiveVersion = 1;
	classes = {
	};
	objectVersion = 46;
	objects = {

/* Begin PBXBuildFile section */
		3A68D3971E830B7A00CE71EB /* TabBarViewController.swift in Sources */ = {isa = PBXBuildFile; fileRef = 3A68D3961E830B7A00CE71EB /* TabBarViewController.swift */; };
		3A68D39B1E830EC500CE71EB /* SWRevealViewController.m in Sources */ = {isa = PBXBuildFile; fileRef = 3A68D39A1E830EC500CE71EB /* SWRevealViewController.m */; };
		3A68D39E1E830F0D00CE71EB /* MenuViewController.swift in Sources */ = {isa = PBXBuildFile; fileRef = 3A68D39D1E830F0D00CE71EB /* MenuViewController.swift */; };
		3A6FD7DA1E80BC6A002A2999 /* CardioNagivationViewController.swift in Sources */ = {isa = PBXBuildFile; fileRef = 3A6FD7D91E80BC6A002A2999 /* CardioNagivationViewController.swift */; };
		3A6FD7E01E80BD4A002A2999 /* User.swift in Sources */ = {isa = PBXBuildFile; fileRef = 3A6FD7DF1E80BD4A002A2999 /* User.swift */; };
		3A6FD7E31E8109BC002A2999 /* PilotViewController.swift in Sources */ = {isa = PBXBuildFile; fileRef = 3A6FD7E21E8109BC002A2999 /* PilotViewController.swift */; };
		4DDCE8EFAB8D70D4BCBE9B41 /* Pods_Excercise_Buddy.framework in Frameworks */ = {isa = PBXBuildFile; fileRef = 4AFA152B4D04A0BA1DB36A0F /* Pods_Excercise_Buddy.framework */; };
		989F7205385330960BB96A71 /* Pods_Excercise_BuddyTests.framework in Frameworks */ = {isa = PBXBuildFile; fileRef = 9776623201B2F93D28A66D56 /* Pods_Excercise_BuddyTests.framework */; };
		C45BCB5B03F03E0419A5AB51 /* Pods_Excercise_BuddyUITests.framework in Frameworks */ = {isa = PBXBuildFile; fileRef = DE468D8C9AA79283660AACF9 /* Pods_Excercise_BuddyUITests.framework */; };
		DB1F1C3E1E80698E00FB06DB /* AppDelegate.swift in Sources */ = {isa = PBXBuildFile; fileRef = DB1F1C3D1E80698E00FB06DB /* AppDelegate.swift */; };
		DB1F1C401E80698E00FB06DB /* CardioViewController.swift in Sources */ = {isa = PBXBuildFile; fileRef = DB1F1C3F1E80698E00FB06DB /* CardioViewController.swift */; };
		DB1F1C421E80698E00FB06DB /* SecondViewController.swift in Sources */ = {isa = PBXBuildFile; fileRef = DB1F1C411E80698E00FB06DB /* SecondViewController.swift */; };
		DB1F1C451E80698E00FB06DB /* Main.storyboard in Resources */ = {isa = PBXBuildFile; fileRef = DB1F1C431E80698E00FB06DB /* Main.storyboard */; };
		DB1F1C471E80698E00FB06DB /* Assets.xcassets in Resources */ = {isa = PBXBuildFile; fileRef = DB1F1C461E80698E00FB06DB /* Assets.xcassets */; };
		DB1F1C4A1E80698E00FB06DB /* LaunchScreen.storyboard in Resources */ = {isa = PBXBuildFile; fileRef = DB1F1C481E80698E00FB06DB /* LaunchScreen.storyboard */; };
		DB1F1C551E80698F00FB06DB /* Excercise_BuddyTests.swift in Sources */ = {isa = PBXBuildFile; fileRef = DB1F1C541E80698F00FB06DB /* Excercise_BuddyTests.swift */; };
		DB1F1C601E80698F00FB06DB /* Excercise_BuddyUITests.swift in Sources */ = {isa = PBXBuildFile; fileRef = DB1F1C5F1E80698F00FB06DB /* Excercise_BuddyUITests.swift */; };
		DB1F1C6E1E806F6D00FB06DB /* CustomTabBarController.swift in Sources */ = {isa = PBXBuildFile; fileRef = DB1F1C6D1E806F6D00FB06DB /* CustomTabBarController.swift */; };
		DB1F1C701E80906400FB06DB /* GoogleService-Info.plist in Resources */ = {isa = PBXBuildFile; fileRef = DB1F1C6F1E80906400FB06DB /* GoogleService-Info.plist */; };
		DBD97F9F1E8099A30016581B /* CardioExercises.swift in Sources */ = {isa = PBXBuildFile; fileRef = DBD97F9E1E8099A30016581B /* CardioExercises.swift */; };
		DBD97FA11E80A68F0016581B /* AddCardioViewController.swift in Sources */ = {isa = PBXBuildFile; fileRef = DBD97FA01E80A68F0016581B /* AddCardioViewController.swift */; };
/* End PBXBuildFile section */

/* Begin PBXContainerItemProxy section */
		DB1F1C511E80698F00FB06DB /* PBXContainerItemProxy */ = {
			isa = PBXContainerItemProxy;
			containerPortal = DB1F1C321E80698E00FB06DB /* Project object */;
			proxyType = 1;
			remoteGlobalIDString = DB1F1C391E80698E00FB06DB;
			remoteInfo = "Excercise Buddy";
		};
		DB1F1C5C1E80698F00FB06DB /* PBXContainerItemProxy */ = {
			isa = PBXContainerItemProxy;
			containerPortal = DB1F1C321E80698E00FB06DB /* Project object */;
			proxyType = 1;
			remoteGlobalIDString = DB1F1C391E80698E00FB06DB;
			remoteInfo = "Excercise Buddy";
		};
/* End PBXContainerItemProxy section */

/* Begin PBXFileReference section */
		04C74FCD58EB98B32ADF18A1 /* Pods-Excercise Buddy.release.xcconfig */ = {isa = PBXFileReference; includeInIndex = 1; lastKnownFileType = text.xcconfig; name = "Pods-Excercise Buddy.release.xcconfig"; path = "Pods/Target Support Files/Pods-Excercise Buddy/Pods-Excercise Buddy.release.xcconfig"; sourceTree = "<group>"; };
		38A4BAD86E70199B0D9B1F38 /* Pods-Excercise Buddy.debug.xcconfig */ = {isa = PBXFileReference; includeInIndex = 1; lastKnownFileType = text.xcconfig; name = "Pods-Excercise Buddy.debug.xcconfig"; path = "Pods/Target Support Files/Pods-Excercise Buddy/Pods-Excercise Buddy.debug.xcconfig"; sourceTree = "<group>"; };
		3A68D3961E830B7A00CE71EB /* TabBarViewController.swift */ = {isa = PBXFileReference; fileEncoding = 4; lastKnownFileType = sourcecode.swift; path = TabBarViewController.swift; sourceTree = "<group>"; };
		3A68D3981E830EC400CE71EB /* Excercise Buddy-Bridging-Header.h */ = {isa = PBXFileReference; lastKnownFileType = sourcecode.c.h; path = "Excercise Buddy-Bridging-Header.h"; sourceTree = "<group>"; };
		3A68D3991E830EC500CE71EB /* SWRevealViewController.h */ = {isa = PBXFileReference; fileEncoding = 4; lastKnownFileType = sourcecode.c.h; name = SWRevealViewController.h; path = "../../SWRevealViewController-master/SWRevealViewController/SWRevealViewController.h"; sourceTree = "<group>"; };
		3A68D39A1E830EC500CE71EB /* SWRevealViewController.m */ = {isa = PBXFileReference; fileEncoding = 4; lastKnownFileType = sourcecode.c.objc; name = SWRevealViewController.m; path = "../../SWRevealViewController-master/SWRevealViewController/SWRevealViewController.m"; sourceTree = "<group>"; };
		3A68D39D1E830F0D00CE71EB /* MenuViewController.swift */ = {isa = PBXFileReference; fileEncoding = 4; lastKnownFileType = sourcecode.swift; path = MenuViewController.swift; sourceTree = "<group>"; };
		3A6FD7D91E80BC6A002A2999 /* CardioNagivationViewController.swift */ = {isa = PBXFileReference; fileEncoding = 4; lastKnownFileType = sourcecode.swift; path = CardioNagivationViewController.swift; sourceTree = "<group>"; };
		3A6FD7DF1E80BD4A002A2999 /* User.swift */ = {isa = PBXFileReference; fileEncoding = 4; lastKnownFileType = sourcecode.swift; path = User.swift; sourceTree = "<group>"; };
		3A6FD7E21E8109BC002A2999 /* PilotViewController.swift */ = {isa = PBXFileReference; fileEncoding = 4; lastKnownFileType = sourcecode.swift; path = PilotViewController.swift; sourceTree = "<group>"; };
		3E03465E450796F7AE07549F /* Pods-Excercise BuddyUITests.debug.xcconfig */ = {isa = PBXFileReference; includeInIndex = 1; lastKnownFileType = text.xcconfig; name = "Pods-Excercise BuddyUITests.debug.xcconfig"; path = "Pods/Target Support Files/Pods-Excercise BuddyUITests/Pods-Excercise BuddyUITests.debug.xcconfig"; sourceTree = "<group>"; };
		4AFA152B4D04A0BA1DB36A0F /* Pods_Excercise_Buddy.framework */ = {isa = PBXFileReference; explicitFileType = wrapper.framework; includeInIndex = 0; path = Pods_Excercise_Buddy.framework; sourceTree = BUILT_PRODUCTS_DIR; };
		5A6BB29735ECCEDD3C9F8C69 /* Pods-Excercise BuddyUITests.release.xcconfig */ = {isa = PBXFileReference; includeInIndex = 1; lastKnownFileType = text.xcconfig; name = "Pods-Excercise BuddyUITests.release.xcconfig"; path = "Pods/Target Support Files/Pods-Excercise BuddyUITests/Pods-Excercise BuddyUITests.release.xcconfig"; sourceTree = "<group>"; };
		6E49ADDF06AFD30F0F4CFE4D /* Pods-Excercise BuddyTests.debug.xcconfig */ = {isa = PBXFileReference; includeInIndex = 1; lastKnownFileType = text.xcconfig; name = "Pods-Excercise BuddyTests.debug.xcconfig"; path = "Pods/Target Support Files/Pods-Excercise BuddyTests/Pods-Excercise BuddyTests.debug.xcconfig"; sourceTree = "<group>"; };
		9776623201B2F93D28A66D56 /* Pods_Excercise_BuddyTests.framework */ = {isa = PBXFileReference; explicitFileType = wrapper.framework; includeInIndex = 0; path = Pods_Excercise_BuddyTests.framework; sourceTree = BUILT_PRODUCTS_DIR; };
		B89944E0BB942980ED563305 /* Pods-Excercise BuddyTests.release.xcconfig */ = {isa = PBXFileReference; includeInIndex = 1; lastKnownFileType = text.xcconfig; name = "Pods-Excercise BuddyTests.release.xcconfig"; path = "Pods/Target Support Files/Pods-Excercise BuddyTests/Pods-Excercise BuddyTests.release.xcconfig"; sourceTree = "<group>"; };
		DB1F1C3A1E80698E00FB06DB /* Excercise Buddy.app */ = {isa = PBXFileReference; explicitFileType = wrapper.application; includeInIndex = 0; path = "Excercise Buddy.app"; sourceTree = BUILT_PRODUCTS_DIR; };
		DB1F1C3D1E80698E00FB06DB /* AppDelegate.swift */ = {isa = PBXFileReference; lastKnownFileType = sourcecode.swift; path = AppDelegate.swift; sourceTree = "<group>"; };
		DB1F1C3F1E80698E00FB06DB /* CardioViewController.swift */ = {isa = PBXFileReference; lastKnownFileType = sourcecode.swift; path = CardioViewController.swift; sourceTree = "<group>"; };
		DB1F1C411E80698E00FB06DB /* SecondViewController.swift */ = {isa = PBXFileReference; lastKnownFileType = sourcecode.swift; path = SecondViewController.swift; sourceTree = "<group>"; };
		DB1F1C441E80698E00FB06DB /* Base */ = {isa = PBXFileReference; lastKnownFileType = file.storyboard; name = Base; path = Base.lproj/Main.storyboard; sourceTree = "<group>"; };
		DB1F1C461E80698E00FB06DB /* Assets.xcassets */ = {isa = PBXFileReference; lastKnownFileType = folder.assetcatalog; path = Assets.xcassets; sourceTree = "<group>"; };
		DB1F1C491E80698E00FB06DB /* Base */ = {isa = PBXFileReference; lastKnownFileType = file.storyboard; name = Base; path = Base.lproj/LaunchScreen.storyboard; sourceTree = "<group>"; };
		DB1F1C4B1E80698E00FB06DB /* Info.plist */ = {isa = PBXFileReference; lastKnownFileType = text.plist.xml; path = Info.plist; sourceTree = "<group>"; };
		DB1F1C501E80698F00FB06DB /* Excercise BuddyTests.xctest */ = {isa = PBXFileReference; explicitFileType = wrapper.cfbundle; includeInIndex = 0; path = "Excercise BuddyTests.xctest"; sourceTree = BUILT_PRODUCTS_DIR; };
		DB1F1C541E80698F00FB06DB /* Excercise_BuddyTests.swift */ = {isa = PBXFileReference; lastKnownFileType = sourcecode.swift; path = Excercise_BuddyTests.swift; sourceTree = "<group>"; };
		DB1F1C561E80698F00FB06DB /* Info.plist */ = {isa = PBXFileReference; lastKnownFileType = text.plist.xml; path = Info.plist; sourceTree = "<group>"; };
		DB1F1C5B1E80698F00FB06DB /* Excercise BuddyUITests.xctest */ = {isa = PBXFileReference; explicitFileType = wrapper.cfbundle; includeInIndex = 0; path = "Excercise BuddyUITests.xctest"; sourceTree = BUILT_PRODUCTS_DIR; };
		DB1F1C5F1E80698F00FB06DB /* Excercise_BuddyUITests.swift */ = {isa = PBXFileReference; lastKnownFileType = sourcecode.swift; path = Excercise_BuddyUITests.swift; sourceTree = "<group>"; };
		DB1F1C611E80698F00FB06DB /* Info.plist */ = {isa = PBXFileReference; lastKnownFileType = text.plist.xml; path = Info.plist; sourceTree = "<group>"; };
		DB1F1C6D1E806F6D00FB06DB /* CustomTabBarController.swift */ = {isa = PBXFileReference; fileEncoding = 4; lastKnownFileType = sourcecode.swift; path = CustomTabBarController.swift; sourceTree = "<group>"; };
		DB1F1C6F1E80906400FB06DB /* GoogleService-Info.plist */ = {isa = PBXFileReference; fileEncoding = 4; lastKnownFileType = text.plist.xml; path = "GoogleService-Info.plist"; sourceTree = "<group>"; };
		DBD97F9E1E8099A30016581B /* CardioExercises.swift */ = {isa = PBXFileReference; fileEncoding = 4; lastKnownFileType = sourcecode.swift; path = CardioExercises.swift; sourceTree = "<group>"; };
		DBD97FA01E80A68F0016581B /* AddCardioViewController.swift */ = {isa = PBXFileReference; fileEncoding = 4; lastKnownFileType = sourcecode.swift; path = AddCardioViewController.swift; sourceTree = "<group>"; };
		DE468D8C9AA79283660AACF9 /* Pods_Excercise_BuddyUITests.framework */ = {isa = PBXFileReference; explicitFileType = wrapper.framework; includeInIndex = 0; path = Pods_Excercise_BuddyUITests.framework; sourceTree = BUILT_PRODUCTS_DIR; };
/* End PBXFileReference section */

/* Begin PBXFrameworksBuildPhase section */
		DB1F1C371E80698E00FB06DB /* Frameworks */ = {
			isa = PBXFrameworksBuildPhase;
			buildActionMask = 2147483647;
			files = (
				4DDCE8EFAB8D70D4BCBE9B41 /* Pods_Excercise_Buddy.framework in Frameworks */,
			);
			runOnlyForDeploymentPostprocessing = 0;
		};
		DB1F1C4D1E80698F00FB06DB /* Frameworks */ = {
			isa = PBXFrameworksBuildPhase;
			buildActionMask = 2147483647;
			files = (
				989F7205385330960BB96A71 /* Pods_Excercise_BuddyTests.framework in Frameworks */,
			);
			runOnlyForDeploymentPostprocessing = 0;
		};
		DB1F1C581E80698F00FB06DB /* Frameworks */ = {
			isa = PBXFrameworksBuildPhase;
			buildActionMask = 2147483647;
			files = (
				C45BCB5B03F03E0419A5AB51 /* Pods_Excercise_BuddyUITests.framework in Frameworks */,
			);
			runOnlyForDeploymentPostprocessing = 0;
		};
/* End PBXFrameworksBuildPhase section */

/* Begin PBXGroup section */
		065424C554110089B96EB8A1 /* Frameworks */ = {
			isa = PBXGroup;
			children = (
				4AFA152B4D04A0BA1DB36A0F /* Pods_Excercise_Buddy.framework */,
				9776623201B2F93D28A66D56 /* Pods_Excercise_BuddyTests.framework */,
				DE468D8C9AA79283660AACF9 /* Pods_Excercise_BuddyUITests.framework */,
			);
			name = Frameworks;
			sourceTree = "<group>";
		};
		3A68D39C1E830ECE00CE71EB /* SWRevealViewController */ = {
			isa = PBXGroup;
			children = (
				3A68D3991E830EC500CE71EB /* SWRevealViewController.h */,
				3A68D3981E830EC400CE71EB /* Excercise Buddy-Bridging-Header.h */,
				3A68D39A1E830EC500CE71EB /* SWRevealViewController.m */,
			);
			name = SWRevealViewController;
			sourceTree = "<group>";
		};
		3A6FD7DB1E80BD13002A2999 /* Models */ = {
			isa = PBXGroup;
			children = (
				DBD97F9E1E8099A30016581B /* CardioExercises.swift */,
				3A6FD7DF1E80BD4A002A2999 /* User.swift */,
			);
			name = Models;
			sourceTree = "<group>";
		};
		3A6FD7DC1E80BD17002A2999 /* Views */ = {
			isa = PBXGroup;
			children = (
				3A6FD7DE1E80BD2F002A2999 /* ViewControllers */,
				3A6FD7DD1E80BD27002A2999 /* NagivationViews */,
			);
			name = Views;
			sourceTree = "<group>";
		};
		3A6FD7DD1E80BD27002A2999 /* NagivationViews */ = {
			isa = PBXGroup;
			children = (
				3A6FD7D91E80BC6A002A2999 /* CardioNagivationViewController.swift */,
				3A68D3961E830B7A00CE71EB /* TabBarViewController.swift */,
			);
			name = NagivationViews;
			sourceTree = "<group>";
		};
		3A6FD7DE1E80BD2F002A2999 /* ViewControllers */ = {
			isa = PBXGroup;
			children = (
				3A68D39C1E830ECE00CE71EB /* SWRevealViewController */,
				DB1F1C3F1E80698E00FB06DB /* CardioViewController.swift */,
				DBD97FA01E80A68F0016581B /* AddCardioViewController.swift */,
				3A6FD7E21E8109BC002A2999 /* PilotViewController.swift */,
				3A68D39D1E830F0D00CE71EB /* MenuViewController.swift */,
			);
			name = ViewControllers;
			sourceTree = "<group>";
		};
		DB1F1C311E80698E00FB06DB = {
			isa = PBXGroup;
			children = (
				DB1F1C3C1E80698E00FB06DB /* Excercise Buddy */,
				DB1F1C531E80698F00FB06DB /* Excercise BuddyTests */,
				DB1F1C5E1E80698F00FB06DB /* Excercise BuddyUITests */,
				DB1F1C3B1E80698E00FB06DB /* Products */,
				E6962368BBB31E818D262437 /* Pods */,
				065424C554110089B96EB8A1 /* Frameworks */,
			);
			sourceTree = "<group>";
		};
		DB1F1C3B1E80698E00FB06DB /* Products */ = {
			isa = PBXGroup;
			children = (
				DB1F1C3A1E80698E00FB06DB /* Excercise Buddy.app */,
				DB1F1C501E80698F00FB06DB /* Excercise BuddyTests.xctest */,
				DB1F1C5B1E80698F00FB06DB /* Excercise BuddyUITests.xctest */,
			);
			name = Products;
			sourceTree = "<group>";
		};
		DB1F1C3C1E80698E00FB06DB /* Excercise Buddy */ = {
			isa = PBXGroup;
			children = (
				3A6FD7DC1E80BD17002A2999 /* Views */,
				3A6FD7DB1E80BD13002A2999 /* Models */,
				DB1F1C3D1E80698E00FB06DB /* AppDelegate.swift */,
				DB1F1C6D1E806F6D00FB06DB /* CustomTabBarController.swift */,
				DB1F1C411E80698E00FB06DB /* SecondViewController.swift */,
				DB1F1C431E80698E00FB06DB /* Main.storyboard */,
				DB1F1C461E80698E00FB06DB /* Assets.xcassets */,
				DB1F1C481E80698E00FB06DB /* LaunchScreen.storyboard */,
				DB1F1C4B1E80698E00FB06DB /* Info.plist */,
				DB1F1C6F1E80906400FB06DB /* GoogleService-Info.plist */,
			);
			path = "Excercise Buddy";
			sourceTree = "<group>";
		};
		DB1F1C531E80698F00FB06DB /* Excercise BuddyTests */ = {
			isa = PBXGroup;
			children = (
				DB1F1C541E80698F00FB06DB /* Excercise_BuddyTests.swift */,
				DB1F1C561E80698F00FB06DB /* Info.plist */,
			);
			path = "Excercise BuddyTests";
			sourceTree = "<group>";
		};
		DB1F1C5E1E80698F00FB06DB /* Excercise BuddyUITests */ = {
			isa = PBXGroup;
			children = (
				DB1F1C5F1E80698F00FB06DB /* Excercise_BuddyUITests.swift */,
				DB1F1C611E80698F00FB06DB /* Info.plist */,
			);
			path = "Excercise BuddyUITests";
			sourceTree = "<group>";
		};
		E6962368BBB31E818D262437 /* Pods */ = {
			isa = PBXGroup;
			children = (
				38A4BAD86E70199B0D9B1F38 /* Pods-Excercise Buddy.debug.xcconfig */,
				04C74FCD58EB98B32ADF18A1 /* Pods-Excercise Buddy.release.xcconfig */,
				6E49ADDF06AFD30F0F4CFE4D /* Pods-Excercise BuddyTests.debug.xcconfig */,
				B89944E0BB942980ED563305 /* Pods-Excercise BuddyTests.release.xcconfig */,
				3E03465E450796F7AE07549F /* Pods-Excercise BuddyUITests.debug.xcconfig */,
				5A6BB29735ECCEDD3C9F8C69 /* Pods-Excercise BuddyUITests.release.xcconfig */,
			);
			name = Pods;
			sourceTree = "<group>";
		};
/* End PBXGroup section */

/* Begin PBXNativeTarget section */
		DB1F1C391E80698E00FB06DB /* Excercise Buddy */ = {
			isa = PBXNativeTarget;
			buildConfigurationList = DB1F1C641E80698F00FB06DB /* Build configuration list for PBXNativeTarget "Excercise Buddy" */;
			buildPhases = (
				1105367B1EB994422DE59F23 /* [CP] Check Pods Manifest.lock */,
				DB1F1C361E80698E00FB06DB /* Sources */,
				DB1F1C371E80698E00FB06DB /* Frameworks */,
				DB1F1C381E80698E00FB06DB /* Resources */,
				3652A1000563EACB51F83AC1 /* [CP] Embed Pods Frameworks */,
				3EFA187765952DDF18D17C56 /* [CP] Copy Pods Resources */,
			);
			buildRules = (
			);
			dependencies = (
			);
			name = "Excercise Buddy";
			productName = "Excercise Buddy";
			productReference = DB1F1C3A1E80698E00FB06DB /* Excercise Buddy.app */;
			productType = "com.apple.product-type.application";
		};
		DB1F1C4F1E80698F00FB06DB /* Excercise BuddyTests */ = {
			isa = PBXNativeTarget;
			buildConfigurationList = DB1F1C671E80698F00FB06DB /* Build configuration list for PBXNativeTarget "Excercise BuddyTests" */;
			buildPhases = (
				C24EFB1A44F613F4429264AF /* [CP] Check Pods Manifest.lock */,
				DB1F1C4C1E80698F00FB06DB /* Sources */,
				DB1F1C4D1E80698F00FB06DB /* Frameworks */,
				DB1F1C4E1E80698F00FB06DB /* Resources */,
				43E5DCC5CDADC343BFBE05D8 /* [CP] Embed Pods Frameworks */,
				753A5A19B4337E25DC0BA63B /* [CP] Copy Pods Resources */,
			);
			buildRules = (
			);
			dependencies = (
				DB1F1C521E80698F00FB06DB /* PBXTargetDependency */,
			);
			name = "Excercise BuddyTests";
			productName = "Excercise BuddyTests";
			productReference = DB1F1C501E80698F00FB06DB /* Excercise BuddyTests.xctest */;
			productType = "com.apple.product-type.bundle.unit-test";
		};
		DB1F1C5A1E80698F00FB06DB /* Excercise BuddyUITests */ = {
			isa = PBXNativeTarget;
			buildConfigurationList = DB1F1C6A1E80698F00FB06DB /* Build configuration list for PBXNativeTarget "Excercise BuddyUITests" */;
			buildPhases = (
				2026A23971E3FC751E0C8E77 /* [CP] Check Pods Manifest.lock */,
				DB1F1C571E80698F00FB06DB /* Sources */,
				DB1F1C581E80698F00FB06DB /* Frameworks */,
				DB1F1C591E80698F00FB06DB /* Resources */,
				3A22116B7A03089E82805311 /* [CP] Embed Pods Frameworks */,
				23877461E1B1C5A78D6DABEF /* [CP] Copy Pods Resources */,
			);
			buildRules = (
			);
			dependencies = (
				DB1F1C5D1E80698F00FB06DB /* PBXTargetDependency */,
			);
			name = "Excercise BuddyUITests";
			productName = "Excercise BuddyUITests";
			productReference = DB1F1C5B1E80698F00FB06DB /* Excercise BuddyUITests.xctest */;
			productType = "com.apple.product-type.bundle.ui-testing";
		};
/* End PBXNativeTarget section */

/* Begin PBXProject section */
		DB1F1C321E80698E00FB06DB /* Project object */ = {
			isa = PBXProject;
			attributes = {
				LastSwiftUpdateCheck = 0820;
				LastUpgradeCheck = 0820;
				ORGANIZATIONNAME = "Kevin Manan";
				TargetAttributes = {
					DB1F1C391E80698E00FB06DB = {
						CreatedOnToolsVersion = 8.2.1;
						LastSwiftMigration = 0820;
						ProvisioningStyle = Automatic;
					};
					DB1F1C4F1E80698F00FB06DB = {
						CreatedOnToolsVersion = 8.2.1;
						ProvisioningStyle = Automatic;
						TestTargetID = DB1F1C391E80698E00FB06DB;
					};
					DB1F1C5A1E80698F00FB06DB = {
						CreatedOnToolsVersion = 8.2.1;
						ProvisioningStyle = Automatic;
						TestTargetID = DB1F1C391E80698E00FB06DB;
					};
				};
			};
			buildConfigurationList = DB1F1C351E80698E00FB06DB /* Build configuration list for PBXProject "Excercise Buddy" */;
			compatibilityVersion = "Xcode 3.2";
			developmentRegion = English;
			hasScannedForEncodings = 0;
			knownRegions = (
				en,
				Base,
			);
			mainGroup = DB1F1C311E80698E00FB06DB;
			productRefGroup = DB1F1C3B1E80698E00FB06DB /* Products */;
			projectDirPath = "";
			projectRoot = "";
			targets = (
				DB1F1C391E80698E00FB06DB /* Excercise Buddy */,
				DB1F1C4F1E80698F00FB06DB /* Excercise BuddyTests */,
				DB1F1C5A1E80698F00FB06DB /* Excercise BuddyUITests */,
			);
		};
/* End PBXProject section */

/* Begin PBXResourcesBuildPhase section */
		DB1F1C381E80698E00FB06DB /* Resources */ = {
			isa = PBXResourcesBuildPhase;
			buildActionMask = 2147483647;
			files = (
				DB1F1C4A1E80698E00FB06DB /* LaunchScreen.storyboard in Resources */,
				DB1F1C701E80906400FB06DB /* GoogleService-Info.plist in Resources */,
				DB1F1C471E80698E00FB06DB /* Assets.xcassets in Resources */,
				DB1F1C451E80698E00FB06DB /* Main.storyboard in Resources */,
			);
			runOnlyForDeploymentPostprocessing = 0;
		};
		DB1F1C4E1E80698F00FB06DB /* Resources */ = {
			isa = PBXResourcesBuildPhase;
			buildActionMask = 2147483647;
			files = (
			);
			runOnlyForDeploymentPostprocessing = 0;
		};
		DB1F1C591E80698F00FB06DB /* Resources */ = {
			isa = PBXResourcesBuildPhase;
			buildActionMask = 2147483647;
			files = (
			);
			runOnlyForDeploymentPostprocessing = 0;
		};
/* End PBXResourcesBuildPhase section */

/* Begin PBXShellScriptBuildPhase section */
		1105367B1EB994422DE59F23 /* [CP] Check Pods Manifest.lock */ = {
			isa = PBXShellScriptBuildPhase;
			buildActionMask = 2147483647;
			files = (
			);
			inputPaths = (
			);
			name = "[CP] Check Pods Manifest.lock";
			outputPaths = (
			);
			runOnlyForDeploymentPostprocessing = 0;
			shellPath = /bin/sh;
			shellScript = "diff \"${PODS_ROOT}/../Podfile.lock\" \"${PODS_ROOT}/Manifest.lock\" > /dev/null\nif [ $? != 0 ] ; then\n    # print error to STDERR\n    echo \"error: The sandbox is not in sync with the Podfile.lock. Run 'pod install' or update your CocoaPods installation.\" >&2\n    exit 1\nfi\n";
			showEnvVarsInLog = 0;
		};
		2026A23971E3FC751E0C8E77 /* [CP] Check Pods Manifest.lock */ = {
			isa = PBXShellScriptBuildPhase;
			buildActionMask = 2147483647;
			files = (
			);
			inputPaths = (
			);
			name = "[CP] Check Pods Manifest.lock";
			outputPaths = (
			);
			runOnlyForDeploymentPostprocessing = 0;
			shellPath = /bin/sh;
			shellScript = "diff \"${PODS_ROOT}/../Podfile.lock\" \"${PODS_ROOT}/Manifest.lock\" > /dev/null\nif [ $? != 0 ] ; then\n    # print error to STDERR\n    echo \"error: The sandbox is not in sync with the Podfile.lock. Run 'pod install' or update your CocoaPods installation.\" >&2\n    exit 1\nfi\n";
			showEnvVarsInLog = 0;
		};
		23877461E1B1C5A78D6DABEF /* [CP] Copy Pods Resources */ = {
			isa = PBXShellScriptBuildPhase;
			buildActionMask = 2147483647;
			files = (
			);
			inputPaths = (
			);
			name = "[CP] Copy Pods Resources";
			outputPaths = (
			);
			runOnlyForDeploymentPostprocessing = 0;
			shellPath = /bin/sh;
			shellScript = "\"${SRCROOT}/Pods/Target Support Files/Pods-Excercise BuddyUITests/Pods-Excercise BuddyUITests-resources.sh\"\n";
			showEnvVarsInLog = 0;
		};
		3652A1000563EACB51F83AC1 /* [CP] Embed Pods Frameworks */ = {
			isa = PBXShellScriptBuildPhase;
			buildActionMask = 2147483647;
			files = (
			);
			inputPaths = (
			);
			name = "[CP] Embed Pods Frameworks";
			outputPaths = (
			);
			runOnlyForDeploymentPostprocessing = 0;
			shellPath = /bin/sh;
			shellScript = "\"${SRCROOT}/Pods/Target Support Files/Pods-Excercise Buddy/Pods-Excercise Buddy-frameworks.sh\"\n";
			showEnvVarsInLog = 0;
		};
		3A22116B7A03089E82805311 /* [CP] Embed Pods Frameworks */ = {
			isa = PBXShellScriptBuildPhase;
			buildActionMask = 2147483647;
			files = (
			);
			inputPaths = (
			);
			name = "[CP] Embed Pods Frameworks";
			outputPaths = (
			);
			runOnlyForDeploymentPostprocessing = 0;
			shellPath = /bin/sh;
			shellScript = "\"${SRCROOT}/Pods/Target Support Files/Pods-Excercise BuddyUITests/Pods-Excercise BuddyUITests-frameworks.sh\"\n";
			showEnvVarsInLog = 0;
		};
		3EFA187765952DDF18D17C56 /* [CP] Copy Pods Resources */ = {
			isa = PBXShellScriptBuildPhase;
			buildActionMask = 2147483647;
			files = (
			);
			inputPaths = (
			);
			name = "[CP] Copy Pods Resources";
			outputPaths = (
			);
			runOnlyForDeploymentPostprocessing = 0;
			shellPath = /bin/sh;
			shellScript = "\"${SRCROOT}/Pods/Target Support Files/Pods-Excercise Buddy/Pods-Excercise Buddy-resources.sh\"\n";
			showEnvVarsInLog = 0;
		};
		43E5DCC5CDADC343BFBE05D8 /* [CP] Embed Pods Frameworks */ = {
			isa = PBXShellScriptBuildPhase;
			buildActionMask = 2147483647;
			files = (
			);
			inputPaths = (
			);
			name = "[CP] Embed Pods Frameworks";
			outputPaths = (
			);
			runOnlyForDeploymentPostprocessing = 0;
			shellPath = /bin/sh;
			shellScript = "\"${SRCROOT}/Pods/Target Support Files/Pods-Excercise BuddyTests/Pods-Excercise BuddyTests-frameworks.sh\"\n";
			showEnvVarsInLog = 0;
		};
		753A5A19B4337E25DC0BA63B /* [CP] Copy Pods Resources */ = {
			isa = PBXShellScriptBuildPhase;
			buildActionMask = 2147483647;
			files = (
			);
			inputPaths = (
			);
			name = "[CP] Copy Pods Resources";
			outputPaths = (
			);
			runOnlyForDeploymentPostprocessing = 0;
			shellPath = /bin/sh;
			shellScript = "\"${SRCROOT}/Pods/Target Support Files/Pods-Excercise BuddyTests/Pods-Excercise BuddyTests-resources.sh\"\n";
			showEnvVarsInLog = 0;
		};
		C24EFB1A44F613F4429264AF /* [CP] Check Pods Manifest.lock */ = {
			isa = PBXShellScriptBuildPhase;
			buildActionMask = 2147483647;
			files = (
			);
			inputPaths = (
			);
			name = "[CP] Check Pods Manifest.lock";
			outputPaths = (
			);
			runOnlyForDeploymentPostprocessing = 0;
			shellPath = /bin/sh;
			shellScript = "diff \"${PODS_ROOT}/../Podfile.lock\" \"${PODS_ROOT}/Manifest.lock\" > /dev/null\nif [ $? != 0 ] ; then\n    # print error to STDERR\n    echo \"error: The sandbox is not in sync with the Podfile.lock. Run 'pod install' or update your CocoaPods installation.\" >&2\n    exit 1\nfi\n";
			showEnvVarsInLog = 0;
		};
/* End PBXShellScriptBuildPhase section */

/* Begin PBXSourcesBuildPhase section */
		DB1F1C361E80698E00FB06DB /* Sources */ = {
			isa = PBXSourcesBuildPhase;
			buildActionMask = 2147483647;
			files = (
				3A6FD7E01E80BD4A002A2999 /* User.swift in Sources */,
				DBD97FA11E80A68F0016581B /* AddCardioViewController.swift in Sources */,
				3A6FD7DA1E80BC6A002A2999 /* CardioNagivationViewController.swift in Sources */,
				3A6FD7E31E8109BC002A2999 /* PilotViewController.swift in Sources */,
				DB1F1C421E80698E00FB06DB /* SecondViewController.swift in Sources */,
				DB1F1C3E1E80698E00FB06DB /* AppDelegate.swift in Sources */,
				DB1F1C6E1E806F6D00FB06DB /* CustomTabBarController.swift in Sources */,
				3A68D39E1E830F0D00CE71EB /* MenuViewController.swift in Sources */,
				DB1F1C401E80698E00FB06DB /* CardioViewController.swift in Sources */,
				3A68D39B1E830EC500CE71EB /* SWRevealViewController.m in Sources */,
				3A68D3971E830B7A00CE71EB /* TabBarViewController.swift in Sources */,
				DBD97F9F1E8099A30016581B /* CardioExercises.swift in Sources */,
			);
			runOnlyForDeploymentPostprocessing = 0;
		};
		DB1F1C4C1E80698F00FB06DB /* Sources */ = {
			isa = PBXSourcesBuildPhase;
			buildActionMask = 2147483647;
			files = (
				DB1F1C551E80698F00FB06DB /* Excercise_BuddyTests.swift in Sources */,
			);
			runOnlyForDeploymentPostprocessing = 0;
		};
		DB1F1C571E80698F00FB06DB /* Sources */ = {
			isa = PBXSourcesBuildPhase;
			buildActionMask = 2147483647;
			files = (
				DB1F1C601E80698F00FB06DB /* Excercise_BuddyUITests.swift in Sources */,
			);
			runOnlyForDeploymentPostprocessing = 0;
		};
/* End PBXSourcesBuildPhase section */

/* Begin PBXTargetDependency section */
		DB1F1C521E80698F00FB06DB /* PBXTargetDependency */ = {
			isa = PBXTargetDependency;
			target = DB1F1C391E80698E00FB06DB /* Excercise Buddy */;
			targetProxy = DB1F1C511E80698F00FB06DB /* PBXContainerItemProxy */;
		};
		DB1F1C5D1E80698F00FB06DB /* PBXTargetDependency */ = {
			isa = PBXTargetDependency;
			target = DB1F1C391E80698E00FB06DB /* Excercise Buddy */;
			targetProxy = DB1F1C5C1E80698F00FB06DB /* PBXContainerItemProxy */;
		};
/* End PBXTargetDependency section */

/* Begin PBXVariantGroup section */
		DB1F1C431E80698E00FB06DB /* Main.storyboard */ = {
			isa = PBXVariantGroup;
			children = (
				DB1F1C441E80698E00FB06DB /* Base */,
			);
			name = Main.storyboard;
			sourceTree = "<group>";
		};
		DB1F1C481E80698E00FB06DB /* LaunchScreen.storyboard */ = {
			isa = PBXVariantGroup;
			children = (
				DB1F1C491E80698E00FB06DB /* Base */,
			);
			name = LaunchScreen.storyboard;
			sourceTree = "<group>";
		};
/* End PBXVariantGroup section */

/* Begin XCBuildConfiguration section */
		DB1F1C621E80698F00FB06DB /* Debug */ = {
			isa = XCBuildConfiguration;
			buildSettings = {
				ALWAYS_SEARCH_USER_PATHS = NO;
				CLANG_ANALYZER_NONNULL = YES;
				CLANG_CXX_LANGUAGE_STANDARD = "gnu++0x";
				CLANG_CXX_LIBRARY = "libc++";
				CLANG_ENABLE_MODULES = YES;
				CLANG_ENABLE_OBJC_ARC = YES;
				CLANG_WARN_BOOL_CONVERSION = YES;
				CLANG_WARN_CONSTANT_CONVERSION = YES;
				CLANG_WARN_DIRECT_OBJC_ISA_USAGE = YES_ERROR;
				CLANG_WARN_DOCUMENTATION_COMMENTS = YES;
				CLANG_WARN_EMPTY_BODY = YES;
				CLANG_WARN_ENUM_CONVERSION = YES;
				CLANG_WARN_INFINITE_RECURSION = YES;
				CLANG_WARN_INT_CONVERSION = YES;
				CLANG_WARN_OBJC_ROOT_CLASS = YES_ERROR;
				CLANG_WARN_SUSPICIOUS_MOVE = YES;
				CLANG_WARN_UNREACHABLE_CODE = YES;
				CLANG_WARN__DUPLICATE_METHOD_MATCH = YES;
				"CODE_SIGN_IDENTITY[sdk=iphoneos*]" = "iPhone Developer";
				COPY_PHASE_STRIP = NO;
				DEBUG_INFORMATION_FORMAT = dwarf;
				ENABLE_STRICT_OBJC_MSGSEND = YES;
				ENABLE_TESTABILITY = YES;
				GCC_C_LANGUAGE_STANDARD = gnu99;
				GCC_DYNAMIC_NO_PIC = NO;
				GCC_NO_COMMON_BLOCKS = YES;
				GCC_OPTIMIZATION_LEVEL = 0;
				GCC_PREPROCESSOR_DEFINITIONS = (
					"DEBUG=1",
					"$(inherited)",
				);
				GCC_WARN_64_TO_32_BIT_CONVERSION = YES;
				GCC_WARN_ABOUT_RETURN_TYPE = YES_ERROR;
				GCC_WARN_UNDECLARED_SELECTOR = YES;
				GCC_WARN_UNINITIALIZED_AUTOS = YES_AGGRESSIVE;
				GCC_WARN_UNUSED_FUNCTION = YES;
				GCC_WARN_UNUSED_VARIABLE = YES;
				IPHONEOS_DEPLOYMENT_TARGET = 10.2;
				MTL_ENABLE_DEBUG_INFO = YES;
				ONLY_ACTIVE_ARCH = YES;
				SDKROOT = iphoneos;
				SWIFT_ACTIVE_COMPILATION_CONDITIONS = DEBUG;
				SWIFT_OPTIMIZATION_LEVEL = "-Onone";
				TARGETED_DEVICE_FAMILY = "1,2";
			};
			name = Debug;
		};
		DB1F1C631E80698F00FB06DB /* Release */ = {
			isa = XCBuildConfiguration;
			buildSettings = {
				ALWAYS_SEARCH_USER_PATHS = NO;
				CLANG_ANALYZER_NONNULL = YES;
				CLANG_CXX_LANGUAGE_STANDARD = "gnu++0x";
				CLANG_CXX_LIBRARY = "libc++";
				CLANG_ENABLE_MODULES = YES;
				CLANG_ENABLE_OBJC_ARC = YES;
				CLANG_WARN_BOOL_CONVERSION = YES;
				CLANG_WARN_CONSTANT_CONVERSION = YES;
				CLANG_WARN_DIRECT_OBJC_ISA_USAGE = YES_ERROR;
				CLANG_WARN_DOCUMENTATION_COMMENTS = YES;
				CLANG_WARN_EMPTY_BODY = YES;
				CLANG_WARN_ENUM_CONVERSION = YES;
				CLANG_WARN_INFINITE_RECURSION = YES;
				CLANG_WARN_INT_CONVERSION = YES;
				CLANG_WARN_OBJC_ROOT_CLASS = YES_ERROR;
				CLANG_WARN_SUSPICIOUS_MOVE = YES;
				CLANG_WARN_UNREACHABLE_CODE = YES;
				CLANG_WARN__DUPLICATE_METHOD_MATCH = YES;
				"CODE_SIGN_IDENTITY[sdk=iphoneos*]" = "iPhone Developer";
				COPY_PHASE_STRIP = NO;
				DEBUG_INFORMATION_FORMAT = "dwarf-with-dsym";
				ENABLE_NS_ASSERTIONS = NO;
				ENABLE_STRICT_OBJC_MSGSEND = YES;
				GCC_C_LANGUAGE_STANDARD = gnu99;
				GCC_NO_COMMON_BLOCKS = YES;
				GCC_WARN_64_TO_32_BIT_CONVERSION = YES;
				GCC_WARN_ABOUT_RETURN_TYPE = YES_ERROR;
				GCC_WARN_UNDECLARED_SELECTOR = YES;
				GCC_WARN_UNINITIALIZED_AUTOS = YES_AGGRESSIVE;
				GCC_WARN_UNUSED_FUNCTION = YES;
				GCC_WARN_UNUSED_VARIABLE = YES;
				IPHONEOS_DEPLOYMENT_TARGET = 10.2;
				MTL_ENABLE_DEBUG_INFO = NO;
				SDKROOT = iphoneos;
				SWIFT_OPTIMIZATION_LEVEL = "-Owholemodule";
				TARGETED_DEVICE_FAMILY = "1,2";
				VALIDATE_PRODUCT = YES;
			};
			name = Release;
		};
		DB1F1C651E80698F00FB06DB /* Debug */ = {
			isa = XCBuildConfiguration;
			baseConfigurationReference = 38A4BAD86E70199B0D9B1F38 /* Pods-Excercise Buddy.debug.xcconfig */;
			buildSettings = {
				ASSETCATALOG_COMPILER_APPICON_NAME = AppIcon;
				CLANG_ENABLE_MODULES = YES;
				INFOPLIST_FILE = "Excercise Buddy/Info.plist";
				LD_RUNPATH_SEARCH_PATHS = "$(inherited) @executable_path/Frameworks";
				PRODUCT_BUNDLE_IDENTIFIER = "Smart-Tools.Excercise-Buddy";
				PRODUCT_NAME = "$(TARGET_NAME)";
				SWIFT_OBJC_BRIDGING_HEADER = "Excercise Buddy/Excercise Buddy-Bridging-Header.h";
				SWIFT_OPTIMIZATION_LEVEL = "-Onone";
				SWIFT_VERSION = 3.0;
			};
			name = Debug;
		};
		DB1F1C661E80698F00FB06DB /* Release */ = {
			isa = XCBuildConfiguration;
			baseConfigurationReference = 04C74FCD58EB98B32ADF18A1 /* Pods-Excercise Buddy.release.xcconfig */;
			buildSettings = {
				ASSETCATALOG_COMPILER_APPICON_NAME = AppIcon;
				CLANG_ENABLE_MODULES = YES;
				INFOPLIST_FILE = "Excercise Buddy/Info.plist";
				LD_RUNPATH_SEARCH_PATHS = "$(inherited) @executable_path/Frameworks";
				PRODUCT_BUNDLE_IDENTIFIER = "Smart-Tools.Excercise-Buddy";
				PRODUCT_NAME = "$(TARGET_NAME)";
				SWIFT_OBJC_BRIDGING_HEADER = "Excercise Buddy/Excercise Buddy-Bridging-Header.h";
				SWIFT_VERSION = 3.0;
			};
			name = Release;
		};
		DB1F1C681E80698F00FB06DB /* Debug */ = {
			isa = XCBuildConfiguration;
			baseConfigurationReference = 6E49ADDF06AFD30F0F4CFE4D /* Pods-Excercise BuddyTests.debug.xcconfig */;
			buildSettings = {
				ALWAYS_EMBED_SWIFT_STANDARD_LIBRARIES = YES;
				BUNDLE_LOADER = "$(TEST_HOST)";
				INFOPLIST_FILE = "Excercise BuddyTests/Info.plist";
				LD_RUNPATH_SEARCH_PATHS = "$(inherited) @executable_path/Frameworks @loader_path/Frameworks";
				PRODUCT_BUNDLE_IDENTIFIER = "Smart-Tools.Excercise-BuddyTests";
				PRODUCT_NAME = "$(TARGET_NAME)";
				SWIFT_VERSION = 3.0;
				TEST_HOST = "$(BUILT_PRODUCTS_DIR)/Excercise Buddy.app/Excercise Buddy";
			};
			name = Debug;
		};
		DB1F1C691E80698F00FB06DB /* Release */ = {
			isa = XCBuildConfiguration;
			baseConfigurationReference = B89944E0BB942980ED563305 /* Pods-Excercise BuddyTests.release.xcconfig */;
			buildSettings = {
				ALWAYS_EMBED_SWIFT_STANDARD_LIBRARIES = YES;
				BUNDLE_LOADER = "$(TEST_HOST)";
				INFOPLIST_FILE = "Excercise BuddyTests/Info.plist";
				LD_RUNPATH_SEARCH_PATHS = "$(inherited) @executable_path/Frameworks @loader_path/Frameworks";
				PRODUCT_BUNDLE_IDENTIFIER = "Smart-Tools.Excercise-BuddyTests";
				PRODUCT_NAME = "$(TARGET_NAME)";
				SWIFT_VERSION = 3.0;
				TEST_HOST = "$(BUILT_PRODUCTS_DIR)/Excercise Buddy.app/Excercise Buddy";
			};
			name = Release;
		};
		DB1F1C6B1E80698F00FB06DB /* Debug */ = {
			isa = XCBuildConfiguration;
			baseConfigurationReference = 3E03465E450796F7AE07549F /* Pods-Excercise BuddyUITests.debug.xcconfig */;
			buildSettings = {
				ALWAYS_EMBED_SWIFT_STANDARD_LIBRARIES = YES;
				INFOPLIST_FILE = "Excercise BuddyUITests/Info.plist";
				LD_RUNPATH_SEARCH_PATHS = "$(inherited) @executable_path/Frameworks @loader_path/Frameworks";
				PRODUCT_BUNDLE_IDENTIFIER = "Smart-Tools.Excercise-BuddyUITests";
				PRODUCT_NAME = "$(TARGET_NAME)";
				SWIFT_VERSION = 3.0;
				TEST_TARGET_NAME = "Excercise Buddy";
			};
			name = Debug;
		};
		DB1F1C6C1E80698F00FB06DB /* Release */ = {
			isa = XCBuildConfiguration;
			baseConfigurationReference = 5A6BB29735ECCEDD3C9F8C69 /* Pods-Excercise BuddyUITests.release.xcconfig */;
			buildSettings = {
				ALWAYS_EMBED_SWIFT_STANDARD_LIBRARIES = YES;
				INFOPLIST_FILE = "Excercise BuddyUITests/Info.plist";
				LD_RUNPATH_SEARCH_PATHS = "$(inherited) @executable_path/Frameworks @loader_path/Frameworks";
				PRODUCT_BUNDLE_IDENTIFIER = "Smart-Tools.Excercise-BuddyUITests";
				PRODUCT_NAME = "$(TARGET_NAME)";
				SWIFT_VERSION = 3.0;
				TEST_TARGET_NAME = "Excercise Buddy";
			};
			name = Release;
		};
/* End XCBuildConfiguration section */

/* Begin XCConfigurationList section */
		DB1F1C351E80698E00FB06DB /* Build configuration list for PBXProject "Excercise Buddy" */ = {
			isa = XCConfigurationList;
			buildConfigurations = (
				DB1F1C621E80698F00FB06DB /* Debug */,
				DB1F1C631E80698F00FB06DB /* Release */,
			);
			defaultConfigurationIsVisible = 0;
			defaultConfigurationName = Release;
		};
		DB1F1C641E80698F00FB06DB /* Build configuration list for PBXNativeTarget "Excercise Buddy" */ = {
			isa = XCConfigurationList;
			buildConfigurations = (
				DB1F1C651E80698F00FB06DB /* Debug */,
				DB1F1C661E80698F00FB06DB /* Release */,
			);
			defaultConfigurationIsVisible = 0;
			defaultConfigurationName = Release;
		};
		DB1F1C671E80698F00FB06DB /* Build configuration list for PBXNativeTarget "Excercise BuddyTests" */ = {
			isa = XCConfigurationList;
			buildConfigurations = (
				DB1F1C681E80698F00FB06DB /* Debug */,
				DB1F1C691E80698F00FB06DB /* Release */,
			);
			defaultConfigurationIsVisible = 0;
			defaultConfigurationName = Release;
		};
		DB1F1C6A1E80698F00FB06DB /* Build configuration list for PBXNativeTarget "Excercise BuddyUITests" */ = {
			isa = XCConfigurationList;
			buildConfigurations = (
				DB1F1C6B1E80698F00FB06DB /* Debug */,
				DB1F1C6C1E80698F00FB06DB /* Release */,
			);
			defaultConfigurationIsVisible = 0;
			defaultConfigurationName = Release;
		};
/* End XCConfigurationList section */
	};
	rootObject = DB1F1C321E80698E00FB06DB /* Project object */;
}
